[[package]]
name = "appnope"
version = "0.1.2"
description = "Disable App Nap on macOS >= 10.9"
category = "dev"
optional = false
python-versions = "*"

[[package]]
name = "atomicwrites"
version = "1.4.0"
description = "Atomic file writes."
category = "dev"
optional = false
python-versions = ">=2.7, !=3.0.*, !=3.1.*, !=3.2.*, !=3.3.*"

[[package]]
name = "attrs"
version = "21.4.0"
description = "Classes Without Boilerplate"
category = "dev"
optional = false
python-versions = ">=2.7, !=3.0.*, !=3.1.*, !=3.2.*, !=3.3.*, !=3.4.*"

[package.extras]
dev = ["coverage[toml] (>=5.0.2)", "hypothesis", "pympler", "pytest (>=4.3.0)", "six", "mypy", "pytest-mypy-plugins", "zope.interface", "furo", "sphinx", "sphinx-notfound-page", "pre-commit", "cloudpickle"]
docs = ["furo", "sphinx", "zope.interface", "sphinx-notfound-page"]
tests = ["coverage[toml] (>=5.0.2)", "hypothesis", "pympler", "pytest (>=4.3.0)", "six", "mypy", "pytest-mypy-plugins", "zope.interface", "cloudpickle"]
tests_no_zope = ["coverage[toml] (>=5.0.2)", "hypothesis", "pympler", "pytest (>=4.3.0)", "six", "mypy", "pytest-mypy-plugins", "cloudpickle"]

[[package]]
name = "backcall"
version = "0.2.0"
description = "Specifications for callback functions passed in to an API"
category = "dev"
optional = false
python-versions = "*"

[[package]]
name = "beautifulsoup4"
version = "4.10.0"
description = "Screen-scraping library"
category = "dev"
optional = false
python-versions = ">3.0.0"

[package.dependencies]
soupsieve = ">1.2"

[package.extras]
html5lib = ["html5lib"]
lxml = ["lxml"]

[[package]]
name = "cachetools"
version = "5.0.0"
description = "Extensible memoizing collections and decorators"
category = "main"
optional = false
python-versions = "~=3.7"

[[package]]
name = "certifi"
version = "2021.10.8"
description = "Python package for providing Mozilla's CA Bundle."
category = "main"
optional = false
python-versions = "*"

[[package]]
name = "charset-normalizer"
version = "2.0.9"
description = "The Real First Universal Charset Detector. Open, modern and actively maintained alternative to Chardet."
category = "main"
optional = false
python-versions = ">=3.5.0"

[package.extras]
unicode_backport = ["unicodedata2"]

[[package]]
name = "colorama"
version = "0.4.4"
description = "Cross-platform colored terminal text."
category = "dev"
optional = false
python-versions = ">=2.7, !=3.0.*, !=3.1.*, !=3.2.*, !=3.3.*, !=3.4.*"

[[package]]
name = "decorator"
version = "5.1.0"
description = "Decorators for Humans"
category = "dev"
optional = false
python-versions = ">=3.5"

[[package]]
name = "feeluown"
version = "3.7.14"
description = "*nix music player"
category = "main"
optional = false
python-versions = ">=3.6"

[package.dependencies]
janus = "*"
packaging = "*"
pydantic = ">=1.8.1"
qasync = "*"
requests = "*"
tomlkit = "*"
typing_extensions = {version = "*", markers = "python_version < \"3.8\""}

[package.extras]
battery = ["fuo-local (>=0.2.1)", "fuo-netease (>=0.4.2)", "fuo-qqmusic (>=0.2)", "fuo-kuwo (>=0.1.1)"]
dev = ["flake8", "pylint", "mypy", "pytest (>=5.4.0)", "pytest-runner", "pytest-cov", "pytest-asyncio", "pytest-qt", "pytest-mock", "pytest-benchmark (>=3.4.1)", "sphinx", "sphinx-rtd-theme"]
macOS = ["pyobjc-framework-cocoa", "pyobjc-framework-quartz"]
webengine = ["pyqtwebengine"]
win32 = ["pyshortcuts"]

[[package]]
name = "fuo-kuwo"
version = "0.1.5"
description = "Kuwo music provider for FeelUOwn music player"
category = "dev"
optional = false
python-versions = "*"

[package.dependencies]
feeluown = ">=3.7.7"
marshmallow = "*"
requests = "*"

[[package]]
name = "fuo-netease"
version = "0.8"
description = "feeluown netease plugin"
category = "dev"
optional = false
python-versions = "*"

[package.dependencies]
beautifulsoup4 = "*"
feeluown = ">=3.7.9.dev"
marshmallow = ">=3.0"
pycryptodome = "*"
requests = "*"

[[package]]
name = "fuo-qqmusic"
version = "0.3.3"
description = "feeluown qqmusic plugin"
category = "dev"
optional = false
python-versions = "*"

[package.dependencies]
feeluown = ">=3.5.2"
marshmallow = ">=3.0"
requests = "*"

[[package]]
name = "idna"
version = "3.3"
description = "Internationalized Domain Names in Applications (IDNA)"
category = "main"
optional = false
python-versions = ">=3.5"

[[package]]
name = "importlib-metadata"
version = "1.7.0"
description = "Read metadata from Python packages"
category = "dev"
optional = false
python-versions = "!=3.0.*,!=3.1.*,!=3.2.*,!=3.3.*,!=3.4.*,>=2.7"

[package.dependencies]
zipp = ">=0.5"

[package.extras]
docs = ["sphinx", "rst.linker"]
testing = ["packaging", "pep517", "importlib-resources (>=1.3)"]

[[package]]
name = "iniconfig"
version = "1.1.1"
description = "iniconfig: brain-dead simple config-ini parsing"
category = "dev"
optional = false
python-versions = "*"

[[package]]
name = "ipython"
version = "7.30.1"
description = "IPython: Productive Interactive Computing"
category = "dev"
optional = false
python-versions = ">=3.7"

[package.dependencies]
appnope = {version = "*", markers = "sys_platform == \"darwin\""}
backcall = "*"
colorama = {version = "*", markers = "sys_platform == \"win32\""}
decorator = "*"
jedi = ">=0.16"
matplotlib-inline = "*"
pexpect = {version = ">4.3", markers = "sys_platform != \"win32\""}
pickleshare = "*"
prompt-toolkit = ">=2.0.0,<3.0.0 || >3.0.0,<3.0.1 || >3.0.1,<3.1.0"
pygments = "*"
traitlets = ">=4.2"

[package.extras]
all = ["Sphinx (>=1.3)", "ipykernel", "ipyparallel", "ipywidgets", "nbconvert", "nbformat", "nose (>=0.10.1)", "notebook", "numpy (>=1.17)", "pygments", "qtconsole", "requests", "testpath"]
doc = ["Sphinx (>=1.3)"]
kernel = ["ipykernel"]
nbconvert = ["nbconvert"]
nbformat = ["nbformat"]
notebook = ["notebook", "ipywidgets"]
parallel = ["ipyparallel"]
qtconsole = ["qtconsole"]
test = ["nose (>=0.10.1)", "requests", "testpath", "pygments", "nbformat", "ipykernel", "numpy (>=1.17)"]

[[package]]
name = "janus"
version = "1.0.0"
description = "Mixed sync-async queue to interoperate between asyncio tasks and classic threads"
category = "main"
optional = false
python-versions = ">=3.7"

[package.dependencies]
typing-extensions = ">=3.7.4.3"

[[package]]
name = "jedi"
version = "0.18.1"
description = "An autocompletion tool for Python that can be used for text editors."
category = "dev"
optional = false
python-versions = ">=3.6"

[package.dependencies]
parso = ">=0.8.0,<0.9.0"

[package.extras]
qa = ["flake8 (==3.8.3)", "mypy (==0.782)"]
testing = ["Django (<3.1)", "colorama", "docopt", "pytest (<7.0.0)"]

[[package]]
name = "marshmallow"
version = "3.14.1"
description = "A lightweight library for converting complex datatypes to and from native Python datatypes."
category = "dev"
optional = false
python-versions = ">=3.6"

[package.extras]
dev = ["pytest", "pytz", "simplejson", "mypy (==0.910)", "flake8 (==4.0.1)", "flake8-bugbear (==21.9.2)", "pre-commit (>=2.4,<3.0)", "tox"]
docs = ["sphinx (==4.3.0)", "sphinx-issues (==1.2.0)", "alabaster (==0.7.12)", "sphinx-version-warning (==1.1.2)", "autodocsumm (==0.2.7)"]
lint = ["mypy (==0.910)", "flake8 (==4.0.1)", "flake8-bugbear (==21.9.2)", "pre-commit (>=2.4,<3.0)"]
tests = ["pytest", "pytz", "simplejson"]

[[package]]
name = "matplotlib-inline"
version = "0.1.3"
description = "Inline Matplotlib backend for Jupyter"
category = "dev"
optional = false
python-versions = ">=3.5"

[package.dependencies]
traitlets = "*"

[[package]]
name = "packaging"
version = "21.3"
description = "Core utilities for Python packages"
category = "main"
optional = false
python-versions = ">=3.6"

[package.dependencies]
pyparsing = ">=2.0.2,<3.0.5 || >3.0.5"

[[package]]
name = "parso"
version = "0.8.3"
description = "A Python Parser"
category = "dev"
optional = false
python-versions = ">=3.6"

[package.extras]
qa = ["flake8 (==3.8.3)", "mypy (==0.782)"]
testing = ["docopt", "pytest (<6.0.0)"]

[[package]]
name = "pexpect"
version = "4.8.0"
description = "Pexpect allows easy control of interactive console applications."
category = "dev"
optional = false
python-versions = "*"

[package.dependencies]
ptyprocess = ">=0.5"

[[package]]
name = "pickleshare"
version = "0.7.5"
description = "Tiny 'shelve'-like database with concurrency support"
category = "dev"
optional = false
python-versions = "*"

[[package]]
name = "pluggy"
version = "1.0.0"
description = "plugin and hook calling mechanisms for python"
category = "dev"
optional = false
python-versions = ">=3.6"

[package.dependencies]
importlib-metadata = {version = ">=0.12", markers = "python_version < \"3.8\""}

[package.extras]
dev = ["pre-commit", "tox"]
testing = ["pytest", "pytest-benchmark"]

[[package]]
name = "poetry-core"
version = "1.0.7"
description = "Poetry PEP 517 Build Backend"
category = "dev"
optional = false
python-versions = ">=2.7, !=3.0.*, !=3.1.*, !=3.2.*, !=3.3.*, !=3.4.*"

[package.dependencies]
importlib-metadata = {version = ">=1.7.0,<2.0.0", markers = "python_version >= \"2.7\" and python_version < \"2.8\" or python_version >= \"3.5\" and python_version < \"3.8\""}

[[package]]
name = "poetry2setup"
version = "1.0.0"
description = "Convert python-poetry to setup.py"
category = "dev"
optional = false
python-versions = ">=2.7, !=3.0.*, !=3.1.*, !=3.2.*, !=3.3.*, !=3.4.*"

[package.dependencies]
poetry-core = ">=1.0.0,<2.0.0"

[[package]]
name = "prompt-toolkit"
version = "3.0.24"
description = "Library for building powerful interactive command lines in Python"
category = "dev"
optional = false
python-versions = ">=3.6.2"

[package.dependencies]
wcwidth = "*"

[[package]]
name = "ptyprocess"
version = "0.7.0"
description = "Run a subprocess in a pseudo terminal"
category = "dev"
optional = false
python-versions = "*"

[[package]]
name = "py"
version = "1.11.0"
description = "library with cross-python path, ini-parsing, io, code, log facilities"
category = "dev"
optional = false
python-versions = ">=2.7, !=3.0.*, !=3.1.*, !=3.2.*, !=3.3.*, !=3.4.*"

[[package]]
name = "pycryptodome"
version = "3.12.0"
description = "Cryptographic library for Python"
category = "dev"
optional = false
python-versions = ">=2.7, !=3.0.*, !=3.1.*, !=3.2.*, !=3.3.*, !=3.4.*"

[[package]]
name = "pydantic"
version = "1.9.0"
description = "Data validation and settings management using python 3.6 type hinting"
category = "main"
optional = false
python-versions = ">=3.6.1"

[package.dependencies]
typing-extensions = ">=3.7.4.3"

[package.extras]
dotenv = ["python-dotenv (>=0.10.4)"]
email = ["email-validator (>=1.0.3)"]

[[package]]
name = "pygments"
version = "2.11.1"
description = "Pygments is a syntax highlighting package written in Python."
category = "dev"
optional = false
python-versions = ">=3.5"

[[package]]
name = "pyparsing"
version = "3.0.6"
description = "Python parsing module"
category = "main"
optional = false
python-versions = ">=3.6"

[package.extras]
diagrams = ["jinja2", "railroad-diagrams"]

[[package]]
name = "pyqt5"
version = "5.15.6"
description = "Python bindings for the Qt cross platform application toolkit"
category = "dev"
optional = false
python-versions = ">=3.6"

[package.dependencies]
PyQt5-Qt5 = ">=5.15.2"
PyQt5-sip = ">=12.8,<13"

[[package]]
name = "pyqt5-qt5"
version = "5.15.2"
description = "The subset of a Qt installation needed by PyQt5."
category = "dev"
optional = false
python-versions = "*"

[[package]]
name = "pyqt5-sip"
version = "12.9.0"
description = "The sip module support for PyQt5"
category = "dev"
optional = false
python-versions = ">=3.5"

[[package]]
name = "pyqtwebengine"
version = "5.15.5"
description = "Python bindings for the Qt WebEngine framework"
category = "dev"
optional = false
python-versions = ">=3.6"

[package.dependencies]
PyQt5 = ">=5.15.4"
PyQt5-sip = ">=12.8,<13"
PyQtWebEngine-Qt5 = ">=5.15.2"

[[package]]
name = "pyqtwebengine-qt5"
version = "5.15.2"
description = "The subset of a Qt installation needed by PyQtWebEngine."
category = "dev"
optional = false
python-versions = "*"

[[package]]
name = "pytest"
version = "6.2.5"
description = "pytest: simple powerful testing with Python"
category = "dev"
optional = false
python-versions = ">=3.6"

[package.dependencies]
atomicwrites = {version = ">=1.0", markers = "sys_platform == \"win32\""}
attrs = ">=19.2.0"
colorama = {version = "*", markers = "sys_platform == \"win32\""}
importlib-metadata = {version = ">=0.12", markers = "python_version < \"3.8\""}
iniconfig = "*"
packaging = "*"
pluggy = ">=0.12,<2.0"
py = ">=1.8.2"
toml = "*"

[package.extras]
testing = ["argcomplete", "hypothesis (>=3.56)", "mock", "nose", "requests", "xmlschema"]

[[package]]
name = "pytube"
version = "11.0.2"
description = "Python 3 library for downloading YouTube Videos."
category = "main"
optional = false
python-versions = ">=3.6"

[[package]]
name = "qasync"
version = "0.22.0"
description = "Implementation of the PEP 3156 Event-Loop with Qt."
category = "main"
optional = false
python-versions = "~=3.6"

[[package]]
name = "requests"
version = "2.27.0"
description = "Python HTTP for Humans."
category = "main"
optional = false
python-versions = ">=2.7, !=3.0.*, !=3.1.*, !=3.2.*, !=3.3.*, !=3.4.*, !=3.5.*"

[package.dependencies]
certifi = ">=2017.4.17"
charset-normalizer = {version = ">=2.0.0,<2.1.0", markers = "python_version >= \"3\""}
idna = {version = ">=2.5,<4", markers = "python_version >= \"3\""}
urllib3 = ">=1.21.1,<1.27"

[package.extras]
socks = ["PySocks (>=1.5.6,!=1.5.7)", "win-inet-pton"]
use_chardet_on_py3 = ["chardet (>=3.0.2,<5)"]

[[package]]
name = "soupsieve"
version = "2.3.1"
description = "A modern CSS selector implementation for Beautiful Soup."
category = "dev"
optional = false
python-versions = ">=3.6"

[[package]]
name = "toml"
version = "0.10.2"
description = "Python Library for Tom's Obvious, Minimal Language"
category = "dev"
optional = false
python-versions = ">=2.6, !=3.0.*, !=3.1.*, !=3.2.*"

[[package]]
name = "tomlkit"
version = "0.8.0"
description = "Style preserving TOML library"
category = "main"
optional = false
python-versions = ">=3.6,<4.0"

[[package]]
name = "traitlets"
version = "5.1.1"
description = "Traitlets Python configuration system"
category = "dev"
optional = false
python-versions = ">=3.7"

[package.extras]
test = ["pytest"]

[[package]]
name = "types-cachetools"
version = "4.2.7"
description = "Typing stubs for cachetools"
category = "dev"
optional = false
python-versions = "*"

[[package]]
name = "typing-extensions"
version = "4.0.1"
description = "Backported and Experimental Type Hints for Python 3.6+"
category = "main"
optional = false
python-versions = ">=3.6"

[[package]]
name = "urllib3"
version = "1.26.7"
description = "HTTP library with thread-safe connection pooling, file post, and more."
category = "main"
optional = false
python-versions = ">=2.7, !=3.0.*, !=3.1.*, !=3.2.*, !=3.3.*, !=3.4.*, <4"

[package.extras]
brotli = ["brotlipy (>=0.6.0)"]
secure = ["pyOpenSSL (>=0.14)", "cryptography (>=1.3.4)", "idna (>=2.0.0)", "certifi", "ipaddress"]
socks = ["PySocks (>=1.5.6,!=1.5.7,<2.0)"]

[[package]]
name = "wcwidth"
version = "0.2.5"
description = "Measures the displayed width of unicode strings in a terminal"
category = "dev"
optional = false
python-versions = "*"

[[package]]
name = "ytmusicapi"
version = "0.20.0"
description = "Unofficial API for YouTube Music"
category = "main"
optional = false
python-versions = ">=3.6"

[package.dependencies]
requests = ">=2.22"

[package.extras]
dev = ["pre-commit", "flake8", "yapf", "coverage", "sphinx", "sphinx-rtd-theme"]

[[package]]
name = "zipp"
version = "3.7.0"
description = "Backport of pathlib-compatible object wrapper for zip files"
category = "dev"
optional = false
python-versions = ">=3.7"

[package.extras]
docs = ["sphinx", "jaraco.packaging (>=8.2)", "rst.linker (>=1.9)"]
testing = ["pytest (>=6)", "pytest-checkdocs (>=2.4)", "pytest-flake8", "pytest-cov", "pytest-enabler (>=1.0.1)", "jaraco.itertools", "func-timeout", "pytest-black (>=0.3.7)", "pytest-mypy"]

[metadata]
lock-version = "1.1"
python-versions = ">=3.7,<4.0"
content-hash = "4adeec4cdac2244dc3350cb7c8c66c8ae0ee34b196f798f2efc0e4041f83b323"

[metadata.files]
appnope = [
    {file = "appnope-0.1.2-py2.py3-none-any.whl", hash = "sha256:93aa393e9d6c54c5cd570ccadd8edad61ea0c4b9ea7a01409020c9aa019eb442"},
    {file = "appnope-0.1.2.tar.gz", hash = "sha256:dd83cd4b5b460958838f6eb3000c660b1f9caf2a5b1de4264e941512f603258a"},
]
atomicwrites = [
    {file = "atomicwrites-1.4.0-py2.py3-none-any.whl", hash = "sha256:6d1784dea7c0c8d4a5172b6c620f40b6e4cbfdf96d783691f2e1302a7b88e197"},
    {file = "atomicwrites-1.4.0.tar.gz", hash = "sha256:ae70396ad1a434f9c7046fd2dd196fc04b12f9e91ffb859164193be8b6168a7a"},
]
attrs = [
    {file = "attrs-21.4.0-py2.py3-none-any.whl", hash = "sha256:2d27e3784d7a565d36ab851fe94887c5eccd6a463168875832a1be79c82828b4"},
    {file = "attrs-21.4.0.tar.gz", hash = "sha256:626ba8234211db98e869df76230a137c4c40a12d72445c45d5f5b716f076e2fd"},
]
backcall = [
    {file = "backcall-0.2.0-py2.py3-none-any.whl", hash = "sha256:fbbce6a29f263178a1f7915c1940bde0ec2b2a967566fe1c65c1dfb7422bd255"},
    {file = "backcall-0.2.0.tar.gz", hash = "sha256:5cbdbf27be5e7cfadb448baf0aa95508f91f2bbc6c6437cd9cd06e2a4c215e1e"},
]
beautifulsoup4 = [
    {file = "beautifulsoup4-4.10.0-py3-none-any.whl", hash = "sha256:9a315ce70049920ea4572a4055bc4bd700c940521d36fc858205ad4fcde149bf"},
    {file = "beautifulsoup4-4.10.0.tar.gz", hash = "sha256:c23ad23c521d818955a4151a67d81580319d4bf548d3d49f4223ae041ff98891"},
]
cachetools = [
    {file = "cachetools-5.0.0-py3-none-any.whl", hash = "sha256:8fecd4203a38af17928be7b90689d8083603073622229ca7077b72d8e5a976e4"},
    {file = "cachetools-5.0.0.tar.gz", hash = "sha256:486471dfa8799eb7ec503a8059e263db000cdda20075ce5e48903087f79d5fd6"},
]
certifi = [
    {file = "certifi-2021.10.8-py2.py3-none-any.whl", hash = "sha256:d62a0163eb4c2344ac042ab2bdf75399a71a2d8c7d47eac2e2ee91b9d6339569"},
    {file = "certifi-2021.10.8.tar.gz", hash = "sha256:78884e7c1d4b00ce3cea67b44566851c4343c120abd683433ce934a68ea58872"},
]
charset-normalizer = [
    {file = "charset-normalizer-2.0.9.tar.gz", hash = "sha256:b0b883e8e874edfdece9c28f314e3dd5badf067342e42fb162203335ae61aa2c"},
    {file = "charset_normalizer-2.0.9-py3-none-any.whl", hash = "sha256:1eecaa09422db5be9e29d7fc65664e6c33bd06f9ced7838578ba40d58bdf3721"},
]
colorama = [
    {file = "colorama-0.4.4-py2.py3-none-any.whl", hash = "sha256:9f47eda37229f68eee03b24b9748937c7dc3868f906e8ba69fbcbdd3bc5dc3e2"},
    {file = "colorama-0.4.4.tar.gz", hash = "sha256:5941b2b48a20143d2267e95b1c2a7603ce057ee39fd88e7329b0c292aa16869b"},
]
decorator = [
    {file = "decorator-5.1.0-py3-none-any.whl", hash = "sha256:7b12e7c3c6ab203a29e157335e9122cb03de9ab7264b137594103fd4a683b374"},
    {file = "decorator-5.1.0.tar.gz", hash = "sha256:e59913af105b9860aa2c8d3272d9de5a56a4e608db9a2f167a8480b323d529a7"},
]
feeluown = [
    {file = "feeluown-3.7.14.tar.gz", hash = "sha256:7a6405cec10a31f30afe1ad09e714cd808abab3db1eb899a8abc9dd38ee5fd5f"},
]
fuo-kuwo = [
    {file = "fuo_kuwo-0.1.5.tar.gz", hash = "sha256:d5499a77b8259f23bb97e3eed1d7cf42422433c953e10e59e0942a3d4c607b53"},
]
fuo-netease = [
    {file = "fuo_netease-0.8.tar.gz", hash = "sha256:0b57871b657ea9efae6f83947cb56bba63b7d6442e82bf316fc581326b20f4b5"},
]
fuo-qqmusic = [
    {file = "fuo_qqmusic-0.3.3.tar.gz", hash = "sha256:74c4022b1c6fc61b4a982e899d1b06273b107f15740a67682bb35bc03a7a8c3f"},
]
idna = [
    {file = "idna-3.3-py3-none-any.whl", hash = "sha256:84d9dd047ffa80596e0f246e2eab0b391788b0503584e8945f2368256d2735ff"},
    {file = "idna-3.3.tar.gz", hash = "sha256:9d643ff0a55b762d5cdb124b8eaa99c66322e2157b69160bc32796e824360e6d"},
]
importlib-metadata = [
    {file = "importlib_metadata-1.7.0-py2.py3-none-any.whl", hash = "sha256:dc15b2969b4ce36305c51eebe62d418ac7791e9a157911d58bfb1f9ccd8e2070"},
    {file = "importlib_metadata-1.7.0.tar.gz", hash = "sha256:90bb658cdbbf6d1735b6341ce708fc7024a3e14e99ffdc5783edea9f9b077f83"},
]
iniconfig = [
    {file = "iniconfig-1.1.1-py2.py3-none-any.whl", hash = "sha256:011e24c64b7f47f6ebd835bb12a743f2fbe9a26d4cecaa7f53bc4f35ee9da8b3"},
    {file = "iniconfig-1.1.1.tar.gz", hash = "sha256:bc3af051d7d14b2ee5ef9969666def0cd1a000e121eaea580d4a313df4b37f32"},
]
ipython = [
    {file = "ipython-7.30.1-py3-none-any.whl", hash = "sha256:fc60ef843e0863dd4e24ab2bb5698f071031332801ecf8d1aeb4fb622056545c"},
    {file = "ipython-7.30.1.tar.gz", hash = "sha256:cb6aef731bf708a7727ab6cde8df87f0281b1427d41e65d62d4b68934fa54e97"},
]
janus = [
    {file = "janus-1.0.0-py3-none-any.whl", hash = "sha256:2596ea5482711c1ee3ef2df6c290aaf370a13c55a007826e8f7c32d696d1d00a"},
    {file = "janus-1.0.0.tar.gz", hash = "sha256:df976f2cdcfb034b147a2d51edfc34ff6bfb12d4e2643d3ad0e10de058cb1612"},
]
jedi = [
    {file = "jedi-0.18.1-py2.py3-none-any.whl", hash = "sha256:637c9635fcf47945ceb91cd7f320234a7be540ded6f3e99a50cb6febdfd1ba8d"},
    {file = "jedi-0.18.1.tar.gz", hash = "sha256:74137626a64a99c8eb6ae5832d99b3bdd7d29a3850fe2aa80a4126b2a7d949ab"},
]
marshmallow = [
    {file = "marshmallow-3.14.1-py3-none-any.whl", hash = "sha256:04438610bc6dadbdddb22a4a55bcc7f6f8099e69580b2e67f5a681933a1f4400"},
    {file = "marshmallow-3.14.1.tar.gz", hash = "sha256:4c05c1684e0e97fe779c62b91878f173b937fe097b356cd82f793464f5bc6138"},
]
matplotlib-inline = [
    {file = "matplotlib-inline-0.1.3.tar.gz", hash = "sha256:a04bfba22e0d1395479f866853ec1ee28eea1485c1d69a6faf00dc3e24ff34ee"},
    {file = "matplotlib_inline-0.1.3-py3-none-any.whl", hash = "sha256:aed605ba3b72462d64d475a21a9296f400a19c4f74a31b59103d2a99ffd5aa5c"},
]
packaging = [
    {file = "packaging-21.3-py3-none-any.whl", hash = "sha256:ef103e05f519cdc783ae24ea4e2e0f508a9c99b2d4969652eed6a2e1ea5bd522"},
    {file = "packaging-21.3.tar.gz", hash = "sha256:dd47c42927d89ab911e606518907cc2d3a1f38bbd026385970643f9c5b8ecfeb"},
]
parso = [
    {file = "parso-0.8.3-py2.py3-none-any.whl", hash = "sha256:c001d4636cd3aecdaf33cbb40aebb59b094be2a74c556778ef5576c175e19e75"},
    {file = "parso-0.8.3.tar.gz", hash = "sha256:8c07be290bb59f03588915921e29e8a50002acaf2cdc5fa0e0114f91709fafa0"},
]
pexpect = [
    {file = "pexpect-4.8.0-py2.py3-none-any.whl", hash = "sha256:0b48a55dcb3c05f3329815901ea4fc1537514d6ba867a152b581d69ae3710937"},
    {file = "pexpect-4.8.0.tar.gz", hash = "sha256:fc65a43959d153d0114afe13997d439c22823a27cefceb5ff35c2178c6784c0c"},
]
pickleshare = [
    {file = "pickleshare-0.7.5-py2.py3-none-any.whl", hash = "sha256:9649af414d74d4df115d5d718f82acb59c9d418196b7b4290ed47a12ce62df56"},
    {file = "pickleshare-0.7.5.tar.gz", hash = "sha256:87683d47965c1da65cdacaf31c8441d12b8044cdec9aca500cd78fc2c683afca"},
]
pluggy = [
    {file = "pluggy-1.0.0-py2.py3-none-any.whl", hash = "sha256:74134bbf457f031a36d68416e1509f34bd5ccc019f0bcc952c7b909d06b37bd3"},
    {file = "pluggy-1.0.0.tar.gz", hash = "sha256:4224373bacce55f955a878bf9cfa763c1e360858e330072059e10bad68531159"},
]
poetry-core = [
    {file = "poetry-core-1.0.7.tar.gz", hash = "sha256:98c11c755a16ef6c5673c22ca94a3802a7df4746a0853a70b6fae8b9f5cac206"},
    {file = "poetry_core-1.0.7-py2.py3-none-any.whl", hash = "sha256:4f8a7f5390d772f42c4c4c3f188e6424b802cb4b57466c6633a1b9ac36f18a43"},
]
poetry2setup = [
    {file = "poetry2setup-1.0.0-py2.py3-none-any.whl", hash = "sha256:b69a4efabfda24870fd8d08b37b15fbbee5eec0b62711feaef610f94835517be"},
    {file = "poetry2setup-1.0.0.tar.gz", hash = "sha256:ef1177303996b661eeec3de5027a1af84e106a1d2cb92c73152fe6ce47700cc3"},
]
prompt-toolkit = [
    {file = "prompt_toolkit-3.0.24-py3-none-any.whl", hash = "sha256:e56f2ff799bacecd3e88165b1e2f5ebf9bcd59e80e06d395fa0cc4b8bd7bb506"},
    {file = "prompt_toolkit-3.0.24.tar.gz", hash = "sha256:1bb05628c7d87b645974a1bad3f17612be0c29fa39af9f7688030163f680bad6"},
]
ptyprocess = [
    {file = "ptyprocess-0.7.0-py2.py3-none-any.whl", hash = "sha256:4b41f3967fce3af57cc7e94b888626c18bf37a083e3651ca8feeb66d492fef35"},
    {file = "ptyprocess-0.7.0.tar.gz", hash = "sha256:5c5d0a3b48ceee0b48485e0c26037c0acd7d29765ca3fbb5cb3831d347423220"},
]
py = [
    {file = "py-1.11.0-py2.py3-none-any.whl", hash = "sha256:607c53218732647dff4acdfcd50cb62615cedf612e72d1724fb1a0cc6405b378"},
    {file = "py-1.11.0.tar.gz", hash = "sha256:51c75c4126074b472f746a24399ad32f6053d1b34b68d2fa41e558e6f4a98719"},
]
pycryptodome = [
    {file = "pycryptodome-3.12.0-cp27-cp27m-macosx_10_9_x86_64.whl", hash = "sha256:90ad3381ccdc6a24cc2841e295706a168f32abefe64c679695712acac71fd5da"},
    {file = "pycryptodome-3.12.0-cp27-cp27m-manylinux1_i686.whl", hash = "sha256:e80f7469b0b3ea0f694230477d8501dc5a30a717e94fddd4821e6721f3053eae"},
    {file = "pycryptodome-3.12.0-cp27-cp27m-manylinux1_x86_64.whl", hash = "sha256:b91404611767a7485837a6f1fd20cf9a5ae0ad362040a022cd65827ecb1b0d00"},
    {file = "pycryptodome-3.12.0-cp27-cp27m-manylinux2010_i686.whl", hash = "sha256:db66ccda65d5d20c17b00768e462a86f6f540f9aea8419a7f76cc7d9effd82cd"},
    {file = "pycryptodome-3.12.0-cp27-cp27m-manylinux2010_x86_64.whl", hash = "sha256:dc88355c4b261ed259268e65705b28b44d99570337694d593f06e3b1698eaaf3"},
    {file = "pycryptodome-3.12.0-cp27-cp27m-manylinux2014_aarch64.whl", hash = "sha256:6f8f5b7b53516da7511951910ab458e799173722c91fea54e2ba2f56d102e4aa"},
    {file = "pycryptodome-3.12.0-cp27-cp27m-win32.whl", hash = "sha256:93acad54a72d81253242eb0a15064be559ec9d989e5173286dc21cad19f01765"},
    {file = "pycryptodome-3.12.0-cp27-cp27m-win_amd64.whl", hash = "sha256:5a8c24d39d4a237dbfe181ea6593792bf9b5582c7fcfa7b8e0e12fda5eec07af"},
    {file = "pycryptodome-3.12.0-cp27-cp27mu-manylinux1_i686.whl", hash = "sha256:32d15da81959faea6cbed95df2bb44f7f796211c110cf90b5ad3b2aeeb97fc8e"},
    {file = "pycryptodome-3.12.0-cp27-cp27mu-manylinux1_x86_64.whl", hash = "sha256:aed7eb4b64c600fbc5e6d4238991ad1b4179a558401f203d1fcbd24883748982"},
    {file = "pycryptodome-3.12.0-cp27-cp27mu-manylinux2010_i686.whl", hash = "sha256:341c6bbf932c406b4f3ee2372e8589b67ac0cf4e99e7dc081440f43a3cde9f0f"},
    {file = "pycryptodome-3.12.0-cp27-cp27mu-manylinux2010_x86_64.whl", hash = "sha256:de0b711d673904dd6c65307ead36cb76622365a393569bf880895cba21195b7a"},
    {file = "pycryptodome-3.12.0-cp27-cp27mu-manylinux2014_aarch64.whl", hash = "sha256:3558616f45d8584aee3eba27559bc6fd0ba9be6c076610ed3cc62bd5229ffdc3"},
    {file = "pycryptodome-3.12.0-cp35-abi3-macosx_10_9_x86_64.whl", hash = "sha256:a78e4324e566b5fbc2b51e9240950d82fa9e1c7eb77acdf27f58712f65622c1d"},
    {file = "pycryptodome-3.12.0-cp35-abi3-manylinux1_i686.whl", hash = "sha256:3f2f3dd596c6128d91314e60a6bcf4344610ef0e97f4ae4dd1770f86dd0748d8"},
    {file = "pycryptodome-3.12.0-cp35-abi3-manylinux1_x86_64.whl", hash = "sha256:e05f994f30f1cda3cbe57441f41220d16731cf99d868bb02a8f6484c454c206b"},
    {file = "pycryptodome-3.12.0-cp35-abi3-manylinux2010_i686.whl", hash = "sha256:4cded12e13785bbdf4ba1ff5fb9d261cd98162145f869e4fbc4a4b9083392f0b"},
    {file = "pycryptodome-3.12.0-cp35-abi3-manylinux2010_x86_64.whl", hash = "sha256:1181c90d1a6aee68a84826825548d0db1b58d8541101f908d779d601d1690586"},
    {file = "pycryptodome-3.12.0-cp35-abi3-manylinux2014_aarch64.whl", hash = "sha256:6bb0d340c93bcb674ea8899e2f6408ec64c6c21731a59481332b4b2a8143cc60"},
    {file = "pycryptodome-3.12.0-cp35-abi3-win32.whl", hash = "sha256:39da5807aa1ff820799c928f745f89432908bf6624b9e981d2d7f9e55d91b860"},
    {file = "pycryptodome-3.12.0-cp35-abi3-win_amd64.whl", hash = "sha256:212c7f7fe11cad9275fbcff50ca977f1c6643f13560d081e7b0f70596df447b8"},
    {file = "pycryptodome-3.12.0-pp27-pypy_73-macosx_10_9_x86_64.whl", hash = "sha256:b07a4238465eb8c65dd5df2ab8ba6df127e412293c0ed7656c003336f557a100"},
    {file = "pycryptodome-3.12.0-pp27-pypy_73-manylinux1_x86_64.whl", hash = "sha256:a6e1bcd9d5855f1a3c0f8d585f44c81b08f39a02754007f374fb8db9605ba29c"},
    {file = "pycryptodome-3.12.0-pp27-pypy_73-manylinux2010_x86_64.whl", hash = "sha256:aceb1d217c3a025fb963849071446cf3aca1353282fe1c3cb7bd7339a4d47947"},
    {file = "pycryptodome-3.12.0-pp27-pypy_73-win32.whl", hash = "sha256:f699360ae285fcae9c8f53ca6acf33796025a82bb0ccd7c1c551b04c1726def3"},
    {file = "pycryptodome-3.12.0-pp36-pypy36_pp73-macosx_10_9_x86_64.whl", hash = "sha256:d845c587ceb82ac7cbac7d0bf8c62a1a0fe7190b028b322da5ca65f6e5a18b9e"},
    {file = "pycryptodome-3.12.0-pp36-pypy36_pp73-manylinux1_x86_64.whl", hash = "sha256:d8083de50f6dec56c3c6f270fb193590999583a1b27c9c75bc0b5cac22d438cc"},
    {file = "pycryptodome-3.12.0-pp36-pypy36_pp73-manylinux2010_x86_64.whl", hash = "sha256:9ea2f6674c803602a7c0437fccdc2ea036707e60456974fe26ca263bd501ec45"},
    {file = "pycryptodome-3.12.0-pp36-pypy36_pp73-win32.whl", hash = "sha256:5d4264039a2087977f50072aaff2346d1c1c101cb359f9444cf92e3d1f42b4cd"},
    {file = "pycryptodome-3.12.0.zip", hash = "sha256:12c7343aec5a3b3df5c47265281b12b611f26ec9367b6129199d67da54b768c1"},
]
pydantic = [
    {file = "pydantic-1.9.0-cp310-cp310-macosx_10_9_x86_64.whl", hash = "sha256:cb23bcc093697cdea2708baae4f9ba0e972960a835af22560f6ae4e7e47d33f5"},
    {file = "pydantic-1.9.0-cp310-cp310-macosx_11_0_arm64.whl", hash = "sha256:1d5278bd9f0eee04a44c712982343103bba63507480bfd2fc2790fa70cd64cf4"},
    {file = "pydantic-1.9.0-cp310-cp310-manylinux_2_17_x86_64.manylinux2014_x86_64.whl", hash = "sha256:ab624700dc145aa809e6f3ec93fb8e7d0f99d9023b713f6a953637429b437d37"},
    {file = "pydantic-1.9.0-cp310-cp310-manylinux_2_5_i686.manylinux1_i686.manylinux_2_17_i686.manylinux2014_i686.whl", hash = "sha256:c8d7da6f1c1049eefb718d43d99ad73100c958a5367d30b9321b092771e96c25"},
    {file = "pydantic-1.9.0-cp310-cp310-musllinux_1_1_i686.whl", hash = "sha256:3c3b035103bd4e2e4a28da9da7ef2fa47b00ee4a9cf4f1a735214c1bcd05e0f6"},
    {file = "pydantic-1.9.0-cp310-cp310-musllinux_1_1_x86_64.whl", hash = "sha256:3011b975c973819883842c5ab925a4e4298dffccf7782c55ec3580ed17dc464c"},
    {file = "pydantic-1.9.0-cp310-cp310-win_amd64.whl", hash = "sha256:086254884d10d3ba16da0588604ffdc5aab3f7f09557b998373e885c690dd398"},
    {file = "pydantic-1.9.0-cp36-cp36m-macosx_10_9_x86_64.whl", hash = "sha256:0fe476769acaa7fcddd17cadd172b156b53546ec3614a4d880e5d29ea5fbce65"},
    {file = "pydantic-1.9.0-cp36-cp36m-manylinux_2_17_x86_64.manylinux2014_x86_64.whl", hash = "sha256:c8e9dcf1ac499679aceedac7e7ca6d8641f0193c591a2d090282aaf8e9445a46"},
    {file = "pydantic-1.9.0-cp36-cp36m-manylinux_2_5_i686.manylinux1_i686.manylinux_2_17_i686.manylinux2014_i686.whl", hash = "sha256:d1e4c28f30e767fd07f2ddc6f74f41f034d1dd6bc526cd59e63a82fe8bb9ef4c"},
    {file = "pydantic-1.9.0-cp36-cp36m-musllinux_1_1_i686.whl", hash = "sha256:c86229333cabaaa8c51cf971496f10318c4734cf7b641f08af0a6fbf17ca3054"},
    {file = "pydantic-1.9.0-cp36-cp36m-musllinux_1_1_x86_64.whl", hash = "sha256:c0727bda6e38144d464daec31dff936a82917f431d9c39c39c60a26567eae3ed"},
    {file = "pydantic-1.9.0-cp36-cp36m-win_amd64.whl", hash = "sha256:dee5ef83a76ac31ab0c78c10bd7d5437bfdb6358c95b91f1ba7ff7b76f9996a1"},
    {file = "pydantic-1.9.0-cp37-cp37m-macosx_10_9_x86_64.whl", hash = "sha256:d9c9bdb3af48e242838f9f6e6127de9be7063aad17b32215ccc36a09c5cf1070"},
    {file = "pydantic-1.9.0-cp37-cp37m-manylinux_2_17_x86_64.manylinux2014_x86_64.whl", hash = "sha256:2ee7e3209db1e468341ef41fe263eb655f67f5c5a76c924044314e139a1103a2"},
    {file = "pydantic-1.9.0-cp37-cp37m-manylinux_2_5_i686.manylinux1_i686.manylinux_2_17_i686.manylinux2014_i686.whl", hash = "sha256:0b6037175234850ffd094ca77bf60fb54b08b5b22bc85865331dd3bda7a02fa1"},
    {file = "pydantic-1.9.0-cp37-cp37m-musllinux_1_1_i686.whl", hash = "sha256:b2571db88c636d862b35090ccf92bf24004393f85c8870a37f42d9f23d13e032"},
    {file = "pydantic-1.9.0-cp37-cp37m-musllinux_1_1_x86_64.whl", hash = "sha256:8b5ac0f1c83d31b324e57a273da59197c83d1bb18171e512908fe5dc7278a1d6"},
    {file = "pydantic-1.9.0-cp37-cp37m-win_amd64.whl", hash = "sha256:bbbc94d0c94dd80b3340fc4f04fd4d701f4b038ebad72c39693c794fd3bc2d9d"},
    {file = "pydantic-1.9.0-cp38-cp38-macosx_10_9_x86_64.whl", hash = "sha256:e0896200b6a40197405af18828da49f067c2fa1f821491bc8f5bde241ef3f7d7"},
    {file = "pydantic-1.9.0-cp38-cp38-macosx_11_0_arm64.whl", hash = "sha256:7bdfdadb5994b44bd5579cfa7c9b0e1b0e540c952d56f627eb227851cda9db77"},
    {file = "pydantic-1.9.0-cp38-cp38-manylinux_2_17_x86_64.manylinux2014_x86_64.whl", hash = "sha256:574936363cd4b9eed8acdd6b80d0143162f2eb654d96cb3a8ee91d3e64bf4cf9"},
    {file = "pydantic-1.9.0-cp38-cp38-manylinux_2_5_i686.manylinux1_i686.manylinux_2_17_i686.manylinux2014_i686.whl", hash = "sha256:c556695b699f648c58373b542534308922c46a1cda06ea47bc9ca45ef5b39ae6"},
    {file = "pydantic-1.9.0-cp38-cp38-musllinux_1_1_i686.whl", hash = "sha256:f947352c3434e8b937e3aa8f96f47bdfe6d92779e44bb3f41e4c213ba6a32145"},
    {file = "pydantic-1.9.0-cp38-cp38-musllinux_1_1_x86_64.whl", hash = "sha256:5e48ef4a8b8c066c4a31409d91d7ca372a774d0212da2787c0d32f8045b1e034"},
    {file = "pydantic-1.9.0-cp38-cp38-win_amd64.whl", hash = "sha256:96f240bce182ca7fe045c76bcebfa0b0534a1bf402ed05914a6f1dadff91877f"},
    {file = "pydantic-1.9.0-cp39-cp39-macosx_10_9_x86_64.whl", hash = "sha256:815ddebb2792efd4bba5488bc8fde09c29e8ca3227d27cf1c6990fc830fd292b"},
    {file = "pydantic-1.9.0-cp39-cp39-macosx_11_0_arm64.whl", hash = "sha256:6c5b77947b9e85a54848343928b597b4f74fc364b70926b3c4441ff52620640c"},
    {file = "pydantic-1.9.0-cp39-cp39-manylinux_2_17_x86_64.manylinux2014_x86_64.whl", hash = "sha256:4c68c3bc88dbda2a6805e9a142ce84782d3930f8fdd9655430d8576315ad97ce"},
    {file = "pydantic-1.9.0-cp39-cp39-manylinux_2_5_i686.manylinux1_i686.manylinux_2_17_i686.manylinux2014_i686.whl", hash = "sha256:5a79330f8571faf71bf93667d3ee054609816f10a259a109a0738dac983b23c3"},
    {file = "pydantic-1.9.0-cp39-cp39-musllinux_1_1_i686.whl", hash = "sha256:f5a64b64ddf4c99fe201ac2724daada8595ada0d102ab96d019c1555c2d6441d"},
    {file = "pydantic-1.9.0-cp39-cp39-musllinux_1_1_x86_64.whl", hash = "sha256:a733965f1a2b4090a5238d40d983dcd78f3ecea221c7af1497b845a9709c1721"},
    {file = "pydantic-1.9.0-cp39-cp39-win_amd64.whl", hash = "sha256:2cc6a4cb8a118ffec2ca5fcb47afbacb4f16d0ab8b7350ddea5e8ef7bcc53a16"},
    {file = "pydantic-1.9.0-py3-none-any.whl", hash = "sha256:085ca1de245782e9b46cefcf99deecc67d418737a1fd3f6a4f511344b613a5b3"},
    {file = "pydantic-1.9.0.tar.gz", hash = "sha256:742645059757a56ecd886faf4ed2441b9c0cd406079c2b4bee51bcc3fbcd510a"},
]
pygments = [
    {file = "Pygments-2.11.1-py3-none-any.whl", hash = "sha256:9135c1af61eec0f650cd1ea1ed8ce298e54d56bcd8cc2ef46edd7702c171337c"},
    {file = "Pygments-2.11.1.tar.gz", hash = "sha256:59b895e326f0fb0d733fd28c6839bd18ad0687ba20efc26d4277fd1d30b971f4"},
]
pyparsing = [
    {file = "pyparsing-3.0.6-py3-none-any.whl", hash = "sha256:04ff808a5b90911829c55c4e26f75fa5ca8a2f5f36aa3a51f68e27033341d3e4"},
    {file = "pyparsing-3.0.6.tar.gz", hash = "sha256:d9bdec0013ef1eb5a84ab39a3b3868911598afa494f5faa038647101504e2b81"},
]
pyqt5 = [
    {file = "PyQt5-5.15.6-cp36-abi3-macosx_10_13_x86_64.whl", hash = "sha256:33ced1c876f6a26e7899615a5a4efef2167c263488837c7beed023a64cebd051"},
    {file = "PyQt5-5.15.6-cp36-abi3-manylinux1_x86_64.whl", hash = "sha256:9d6efad0377aa78bf081a20ac752ce86096ded18f04c592d98f5b92dc879ad0a"},
    {file = "PyQt5-5.15.6-cp36-abi3-win32.whl", hash = "sha256:9d2dcdaf82263ae56023410a7af15d1fd746c8e361733a7d0d1bd1f004ec2793"},
    {file = "PyQt5-5.15.6-cp36-abi3-win_amd64.whl", hash = "sha256:f411ecda52e488e1d3c5cce7563e1b2ca9cf0b7531e3c25b03d9a7e56e07e7fc"},
    {file = "PyQt5-5.15.6.tar.gz", hash = "sha256:80343bcab95ffba619f2ed2467fd828ffeb0a251ad7225be5fc06dcc333af452"},
]
pyqt5-qt5 = [
    {file = "PyQt5_Qt5-5.15.2-py3-none-macosx_10_13_intel.whl", hash = "sha256:76980cd3d7ae87e3c7a33bfebfaee84448fd650bad6840471d6cae199b56e154"},
    {file = "PyQt5_Qt5-5.15.2-py3-none-manylinux2014_x86_64.whl", hash = "sha256:1988f364ec8caf87a6ee5d5a3a5210d57539988bf8e84714c7d60972692e2f4a"},
    {file = "PyQt5_Qt5-5.15.2-py3-none-win32.whl", hash = "sha256:9cc7a768b1921f4b982ebc00a318ccb38578e44e45316c7a4a850e953e1dd327"},
    {file = "PyQt5_Qt5-5.15.2-py3-none-win_amd64.whl", hash = "sha256:750b78e4dba6bdf1607febedc08738e318ea09e9b10aea9ff0d73073f11f6962"},
]
pyqt5-sip = [
    {file = "PyQt5_sip-12.9.0-cp36-cp36m-macosx_10_6_intel.whl", hash = "sha256:d85002238b5180bce4b245c13d6face848faa1a7a9e5c6e292025004f2fd619a"},
    {file = "PyQt5_sip-12.9.0-cp36-cp36m-manylinux1_x86_64.whl", hash = "sha256:83c3220b1ca36eb8623ba2eb3766637b19eb0ce9f42336ad8253656d32750c0a"},
    {file = "PyQt5_sip-12.9.0-cp36-cp36m-win32.whl", hash = "sha256:d8b2bdff7bbf45bc975c113a03b14fd669dc0c73e1327f02706666a7dd51a197"},
    {file = "PyQt5_sip-12.9.0-cp36-cp36m-win_amd64.whl", hash = "sha256:69a3ad4259172e2b1aa9060de211efac39ddd734a517b1924d9c6c0cc4f55f96"},
    {file = "PyQt5_sip-12.9.0-cp37-cp37m-macosx_10_9_x86_64.whl", hash = "sha256:42274a501ab4806d2c31659170db14c282b8313d2255458064666d9e70d96206"},
    {file = "PyQt5_sip-12.9.0-cp37-cp37m-manylinux1_x86_64.whl", hash = "sha256:6a8701892a01a5a2a4720872361197cc80fdd5f49c8482d488ddf38c9c84f055"},
    {file = "PyQt5_sip-12.9.0-cp37-cp37m-win32.whl", hash = "sha256:ac57d796c78117eb39edd1d1d1aea90354651efac9d3590aac67fa4983f99f1f"},
    {file = "PyQt5_sip-12.9.0-cp37-cp37m-win_amd64.whl", hash = "sha256:4347bd81d30c8e3181e553b3734f91658cfbdd8f1a19f254777f906870974e6d"},
    {file = "PyQt5_sip-12.9.0-cp38-cp38-macosx_10_9_x86_64.whl", hash = "sha256:c446971c360a0a1030282a69375a08c78e8a61d568bfd6dab3dcc5cf8817f644"},
    {file = "PyQt5_sip-12.9.0-cp38-cp38-manylinux1_x86_64.whl", hash = "sha256:fc43f2d7c438517ee33e929e8ae77132749c15909afab6aeece5fcf4147ffdb5"},
    {file = "PyQt5_sip-12.9.0-cp38-cp38-win32.whl", hash = "sha256:055581c6fed44ba4302b70eeb82e979ff70400037358908f251cd85cbb3dbd93"},
    {file = "PyQt5_sip-12.9.0-cp38-cp38-win_amd64.whl", hash = "sha256:c5216403d4d8d857ec4a61f631d3945e44fa248aa2415e9ee9369ab7c8a4d0c7"},
    {file = "PyQt5_sip-12.9.0-cp39-cp39-macosx_10_9_x86_64.whl", hash = "sha256:a25b9843c7da6a1608f310879c38e6434331aab1dc2fe6cb65c14f1ecf33780e"},
    {file = "PyQt5_sip-12.9.0-cp39-cp39-manylinux1_x86_64.whl", hash = "sha256:dd05c768c2b55ffe56a9d49ce6cc77cdf3d53dbfad935258a9e347cbfd9a5850"},
    {file = "PyQt5_sip-12.9.0-cp39-cp39-win32.whl", hash = "sha256:4f8e05fe01d54275877c59018d8e82dcdd0bc5696053a8b830eecea3ce806121"},
    {file = "PyQt5_sip-12.9.0-cp39-cp39-win_amd64.whl", hash = "sha256:b09f4cd36a4831229fb77c424d89635fa937d97765ec90685e2f257e56a2685a"},
    {file = "PyQt5_sip-12.9.0.tar.gz", hash = "sha256:d3e4489d7c2b0ece9d203ae66e573939f7f60d4d29e089c9f11daa17cfeaae32"},
]
pyqtwebengine = [
    {file = "PyQtWebEngine-5.15.5-cp36-abi3-macosx_10_13_x86_64.whl", hash = "sha256:5c77f71d88d871bc7400c68ef6433fadc5bd57b86d1a9c4d8094cea42f3607f1"},
    {file = "PyQtWebEngine-5.15.5-cp36-abi3-manylinux1_x86_64.whl", hash = "sha256:782aeee6bc8699bc029fe5c169a045c2bc9533d781cf3f5e9fb424b85a204e68"},
    {file = "PyQtWebEngine-5.15.5-cp36-abi3-win32.whl", hash = "sha256:b827ad7ba0a65d5cd176797478f0ec8f599df6746b06c548649ff5674482a022"},
    {file = "PyQtWebEngine-5.15.5-cp36-abi3-win_amd64.whl", hash = "sha256:30cebf455406990d5a0b859eac261ba6b45c32ce18956271733e0e96dbdca9b7"},
    {file = "PyQtWebEngine-5.15.5.tar.gz", hash = "sha256:ab47608dccf2b5e4b950d5a3cc704b17711af035024d07a9b71ad29fc103b941"},
]
pyqtwebengine-qt5 = [
    {file = "PyQtWebEngine_Qt5-5.15.2-py3-none-macosx_10_13_intel.whl", hash = "sha256:bc7b1fd1f4f8138d59b0b0245d601fb2c5c0aa1e1e7e853b713e52a3165d147e"},
    {file = "PyQtWebEngine_Qt5-5.15.2-py3-none-manylinux2014_x86_64.whl", hash = "sha256:ec2acb1780c0124ef060c310e00ca701f388d8b6c35bba9127f7a6f0dc536f77"},
    {file = "PyQtWebEngine_Qt5-5.15.2-py3-none-win32.whl", hash = "sha256:9e80b408d8de09d4e708d5d84c3ceaf3603292ff8f5e566ae44bb0320fa59c33"},
    {file = "PyQtWebEngine_Qt5-5.15.2-py3-none-win_amd64.whl", hash = "sha256:24231f19e1595018779977de6722b5c69f3d03f34a5f7574ff21cd1e764ef76d"},
]
pytest = [
    {file = "pytest-6.2.5-py3-none-any.whl", hash = "sha256:7310f8d27bc79ced999e760ca304d69f6ba6c6649c0b60fb0e04a4a77cacc134"},
    {file = "pytest-6.2.5.tar.gz", hash = "sha256:131b36680866a76e6781d13f101efb86cf674ebb9762eb70d3082b6f29889e89"},
]
pytube = [
    {file = "pytube-11.0.2-py3-none-any.whl", hash = "sha256:bf2b350e8e991f82b874928f5f1ba1a733a9848d650b01b08fabdf85eea15356"},
    {file = "pytube-11.0.2.tar.gz", hash = "sha256:21d2d151e6525f9f79401ae7a74a7de1e2bb1c00ede5d77c89e22d496389c5f1"},
]
qasync = [
    {file = "qasync-0.22.0-py3-none-any.whl", hash = "sha256:c270f8fef209c58df78489977f5351d025582954a56b6333563711966c1ad177"},
    {file = "qasync-0.22.0.tar.gz", hash = "sha256:bd77192a13b1c94835a0c87320e88008feaa691b7ee51860447dfa3c5f34708d"},
]
requests = [
    {file = "requests-2.27.0-py2.py3-none-any.whl", hash = "sha256:f71a09d7feba4a6b64ffd8e9d9bc60f9bf7d7e19fd0e04362acb1cfc2e3d98df"},
    {file = "requests-2.27.0.tar.gz", hash = "sha256:8e5643905bf20a308e25e4c1dd379117c09000bf8a82ebccc462cfb1b34a16b5"},
]
soupsieve = [
    {file = "soupsieve-2.3.1-py3-none-any.whl", hash = "sha256:1a3cca2617c6b38c0343ed661b1fa5de5637f257d4fe22bd9f1338010a1efefb"},
    {file = "soupsieve-2.3.1.tar.gz", hash = "sha256:b8d49b1cd4f037c7082a9683dfa1801aa2597fb11c3a1155b7a5b94829b4f1f9"},
]
toml = [
    {file = "toml-0.10.2-py2.py3-none-any.whl", hash = "sha256:806143ae5bfb6a3c6e736a764057db0e6a0e05e338b5630894a5f779cabb4f9b"},
    {file = "toml-0.10.2.tar.gz", hash = "sha256:b3bda1d108d5dd99f4a20d24d9c348e91c4db7ab1b749200bded2f839ccbe68f"},
]
tomlkit = [
    {file = "tomlkit-0.8.0-py3-none-any.whl", hash = "sha256:b824e3466f1d475b2b5f1c392954c6cb7ea04d64354ff7300dc7c14257dc85db"},
    {file = "tomlkit-0.8.0.tar.gz", hash = "sha256:29e84a855712dfe0e88a48f6d05c21118dbafb283bb2eed614d46f80deb8e9a1"},
]
traitlets = [
    {file = "traitlets-5.1.1-py3-none-any.whl", hash = "sha256:2d313cc50a42cd6c277e7d7dc8d4d7fedd06a2c215f78766ae7b1a66277e0033"},
    {file = "traitlets-5.1.1.tar.gz", hash = "sha256:059f456c5a7c1c82b98c2e8c799f39c9b8128f6d0d46941ee118daace9eb70c7"},
]
types-cachetools = [
    {file = "types-cachetools-4.2.7.tar.gz", hash = "sha256:2b1b42d8a888df1d058814bfb75dd21b5762d31b0777fc0d9749f26fe8f90b39"},
    {file = "types_cachetools-4.2.7-py3-none-any.whl", hash = "sha256:f73dcb26a0c75dc0e037e46580a8ece6c5a391a61523cc7783b04eed2834c7d7"},
]
typing-extensions = [
    {file = "typing_extensions-4.0.1-py3-none-any.whl", hash = "sha256:7f001e5ac290a0c0401508864c7ec868be4e701886d5b573a9528ed3973d9d3b"},
    {file = "typing_extensions-4.0.1.tar.gz", hash = "sha256:4ca091dea149f945ec56afb48dae714f21e8692ef22a395223bcd328961b6a0e"},
]
urllib3 = [
    {file = "urllib3-1.26.7-py2.py3-none-any.whl", hash = "sha256:c4fdf4019605b6e5423637e01bc9fe4daef873709a7973e195ceba0a62bbc844"},
    {file = "urllib3-1.26.7.tar.gz", hash = "sha256:4987c65554f7a2dbf30c18fd48778ef124af6fab771a377103da0585e2336ece"},
]
wcwidth = [
    {file = "wcwidth-0.2.5-py2.py3-none-any.whl", hash = "sha256:beb4802a9cebb9144e99086eff703a642a13d6a0052920003a230f3294bbe784"},
    {file = "wcwidth-0.2.5.tar.gz", hash = "sha256:c4d647b99872929fdb7bdcaa4fbe7f01413ed3d98077df798530e5b04f116c83"},
]
ytmusicapi = [
    {file = "ytmusicapi-0.20.0-py3-none-any.whl", hash = "sha256:abdb90426baa14a7929ec810d65c1df228661b61d580678fc48c087909a9aea2"},
    {file = "ytmusicapi-0.20.0.tar.gz", hash = "sha256:0ef2ebcad2e9dbc4d5155764996835f5c0b65517ad15c4b1edd9ac3b81d0a95a"},
]
zipp = [
    {file = "zipp-3.7.0-py3-none-any.whl", hash = "sha256:b47250dd24f92b7dd6a0a8fc5244da14608f3ca90a5efcd37a3b1642fac9a375"},
    {file = "zipp-3.7.0.tar.gz", hash = "sha256:9f50f446828eb9d45b267433fd3e9da8d801f614129124863f9c51ebceafb87d"},
]
